{
  "lockfileVersion": 1,
  "configVersion": 1,
  "workspaces": {
    "": {
      "name": "city-game-foundation-web",
      "dependencies": {
        "@moritzbrantner/three-d-renderer": "github:moritzbrantner/3d-lab#7115b76ff55942ed7e85f3c8aecb70aec24b7d91",
      },
    },
  },
  "packages": {
    "@moritzbrantner/three-d-renderer": ["@moritzbrantner/three-d-renderer@github:moritzbrantner/3d-lab#7115b76", { "dependencies": { "three": "0.185.1" } }, "moritzbrantner-3d-lab-7115b76"],

    "three": ["three@0.185.1", "", {}, "sha512-5aojFCXKwnjBRZvUnt3WFfEcvUJgkN5LlijRFN95hMy8WVkG4I0QNcJE+OuWvuJ0bOdStrbfXn0pkd6/QyiAlg=="],
  }
}
