{
  "lockfileVersion": 1,
  "configVersion": 1,
  "workspaces": {
    "": {
      "name": "city-game-foundation-web",
      "dependencies": {
        "@moritzbrantner/three-d-renderer": "github:moritzbrantner/3d-lab#f2acf53d44a1f0339749404a8b38cfa65834fdde",
      },
    },
  },
  "packages": {
    "@moritzbrantner/three-d-renderer": ["@moritzbrantner/three-d-renderer@github:moritzbrantner/3d-lab#f2acf53", { "dependencies": { "three": "0.185.1" } }, "moritzbrantner-3d-lab-f2acf53", "sha512-MlDUulmJkIg6TsHSmzZCsPwt03zb1xos5LWbmMohqewD7WY/xOPoaQV9yzKKDSpyZ9IakN17CTjkXrYAhfnAuQ=="],

    "three": ["three@0.185.1", "", {}, "sha512-5aojFCXKwnjBRZvUnt3WFfEcvUJgkN5LlijRFN95hMy8WVkG4I0QNcJE+OuWvuJ0bOdStrbfXn0pkd6/QyiAlg=="],
  }
}
